# This file is automatically @generated by Cargo.
# It is not intended for manual editing.
version = 4

[[package]]
name = "stillwatch-cli"
version = "0.1.0"

[[package]]
name = "stillwatch-core"
version = "0.1.0"

[[package]]
name = "stillwatch-gui"
version = "0.1.0"

[[package]]
name = "stillwatch-ipc"
version = "0.1.0"

[[package]]
name = "stillwatchd"
version = "0.1.0"

[[package]]
name = "xtask"
version = "0.1.0"
